// !$*UTF8*$!
{
	archiveVersion = 1;
	classes = {
	};
	objectVersion = 56;
	objects = {

/* Begin PBXBuildFile section */
		350871932ACC702E0027D886 /* SignUpConfirmation.swift in Sources */ = {isa = PBXBuildFile; fileRef = 350871922ACC702E0027D886 /* SignUpConfirmation.swift */; };
		350E2B7C2ADE64E000EADB03 /* authentication.json in Resources */ = {isa = PBXBuildFile; fileRef = 350E2B7B2ADE64E000EADB03 /* authentication.json */; };
		3532A1662ADF6B13008E51DB /* success.json in Resources */ = {isa = PBXBuildFile; fileRef = 3532A1642ADF6B13008E51DB /* success.json */; };
		3532A1672ADF6B13008E51DB /* checkmark.json in Resources */ = {isa = PBXBuildFile; fileRef = 3532A1652ADF6B13008E51DB /* checkmark.json */; };
		3532A16A2AE11DF5008E51DB /* Transition.swift in Sources */ = {isa = PBXBuildFile; fileRef = 3532A1692AE11DF5008E51DB /* Transition.swift */; };
		354E527D2ACCF58500C66B98 /* SignUpWithEmailView.swift in Sources */ = {isa = PBXBuildFile; fileRef = 354E527C2ACCF58500C66B98 /* SignUpWithEmailView.swift */; };
		35679CF02AD6578F002385A8 /* SignUpWithEmailStepIndicatorPresenter.swift in Sources */ = {isa = PBXBuildFile; fileRef = 35679CEF2AD6578F002385A8 /* SignUpWithEmailStepIndicatorPresenter.swift */; };
		35679CF22AD658ED002385A8 /* ColorModel.swift in Sources */ = {isa = PBXBuildFile; fileRef = 35679CF12AD658ED002385A8 /* ColorModel.swift */; };
		35679CF82AD67505002385A8 /* View+SignUpBackwardButton.swift in Sources */ = {isa = PBXBuildFile; fileRef = 35679CF72AD67505002385A8 /* View+SignUpBackwardButton.swift */; };
		35679D002AD7916B002385A8 /* LottieView.swift in Sources */ = {isa = PBXBuildFile; fileRef = 35679CFF2AD7916B002385A8 /* LottieView.swift */; };
		35679D042AD7991B002385A8 /* sendingEmail.json in Resources */ = {isa = PBXBuildFile; fileRef = 35679D032AD7991B002385A8 /* sendingEmail.json */; };
		35679D0D2ADCF321002385A8 /* View+AlertToast.swift in Sources */ = {isa = PBXBuildFile; fileRef = 35679D0C2ADCF321002385A8 /* View+AlertToast.swift */; };
		357C15CA2AD51356007D6103 /* CloseButton.swift in Sources */ = {isa = PBXBuildFile; fileRef = 357C15C92AD51356007D6103 /* CloseButton.swift */; };
		358672902ABBE66900F10606 /* SignInUpWithApplePresenter.swift in Sources */ = {isa = PBXBuildFile; fileRef = 3586728F2ABBE66900F10606 /* SignInUpWithApplePresenter.swift */; };
		3586729A2AC1192E00F10606 /* SignInWithEmailButton.swift in Sources */ = {isa = PBXBuildFile; fileRef = 358672992AC1192E00F10606 /* SignInWithEmailButton.swift */; };
		3586729C2AC1193A00F10606 /* SignInWithGoogleButton.swift in Sources */ = {isa = PBXBuildFile; fileRef = 3586729B2AC1193A00F10606 /* SignInWithGoogleButton.swift */; };
		3586729E2AC1194700F10606 /* SignInWithAppleButton.swift in Sources */ = {isa = PBXBuildFile; fileRef = 3586729D2AC1194700F10606 /* SignInWithAppleButton.swift */; };
		358672A42AC11FA100F10606 /* AuthenticationTopPresenter.swift in Sources */ = {isa = PBXBuildFile; fileRef = 358672A32AC11FA100F10606 /* AuthenticationTopPresenter.swift */; };
		358672AF2AC1436B00F10606 /* View+Spacer.swift in Sources */ = {isa = PBXBuildFile; fileRef = 358672AE2AC1436B00F10606 /* View+Spacer.swift */; };
		358946212ACA5B9D006DCBA9 /* User.swift in Sources */ = {isa = PBXBuildFile; fileRef = 358946202ACA5B9D006DCBA9 /* User.swift */; };
		358946232ACA5BEA006DCBA9 /* Selection.swift in Sources */ = {isa = PBXBuildFile; fileRef = 358946222ACA5BEA006DCBA9 /* Selection.swift */; };
		358946252ACA6284006DCBA9 /* SignUpWithEmailPresenter.swift in Sources */ = {isa = PBXBuildFile; fileRef = 358946242ACA6284006DCBA9 /* SignUpWithEmailPresenter.swift */; };
		358946282ACA6292006DCBA9 /* SignUpWithEmailInteractor.swift in Sources */ = {isa = PBXBuildFile; fileRef = 358946272ACA6292006DCBA9 /* SignUpWithEmailInteractor.swift */; };
		3589462A2ACA657F006DCBA9 /* ResetPasswordView.swift in Sources */ = {isa = PBXBuildFile; fileRef = 358946292ACA657F006DCBA9 /* ResetPasswordView.swift */; };
		3589462D2ACA6858006DCBA9 /* SignUpWithEmailStepIndicatorView.swift in Sources */ = {isa = PBXBuildFile; fileRef = 3589462C2ACA6858006DCBA9 /* SignUpWithEmailStepIndicatorView.swift */; };
		358946322ACA8328006DCBA9 /* SignUpEmailForm.swift in Sources */ = {isa = PBXBuildFile; fileRef = 358946312ACA8328006DCBA9 /* SignUpEmailForm.swift */; };
		358946342ACA838C006DCBA9 /* SignUpUserInfomationForm.swift in Sources */ = {isa = PBXBuildFile; fileRef = 358946332ACA838C006DCBA9 /* SignUpUserInfomationForm.swift */; };
		358DCD6C2AC4482B0076524D /* View+Shadow.swift in Sources */ = {isa = PBXBuildFile; fileRef = 358DCD6B2AC4482B0076524D /* View+Shadow.swift */; };
		358DCD712AC44BFA0076524D /* View+NavigationBackwardButton.swift in Sources */ = {isa = PBXBuildFile; fileRef = 358DCD702AC44BFA0076524D /* View+NavigationBackwardButton.swift */; };
		358DCD762AC459140076524D /* Form.swift in Sources */ = {isa = PBXBuildFile; fileRef = 358DCD752AC459140076524D /* Form.swift */; };
		358DCD7A2AC45E9D0076524D /* RoundedRectangle.swift in Sources */ = {isa = PBXBuildFile; fileRef = 358DCD792AC45E9D0076524D /* RoundedRectangle.swift */; };
		358DCD7D2AC46F460076524D /* View+Font.swift in Sources */ = {isa = PBXBuildFile; fileRef = 358DCD7C2AC46F460076524D /* View+Font.swift */; };
		358DCD852AC4A0ED0076524D /* SuccessView.swift in Sources */ = {isa = PBXBuildFile; fileRef = 358DCD842AC4A0ED0076524D /* SuccessView.swift */; };
		359456442AA8B8D000238B39 /* AuthenticationDemoApp.swift in Sources */ = {isa = PBXBuildFile; fileRef = 359456432AA8B8D000238B39 /* AuthenticationDemoApp.swift */; };
		359456462AA8B8D000238B39 /* AuthenticationTopView.swift in Sources */ = {isa = PBXBuildFile; fileRef = 359456452AA8B8D000238B39 /* AuthenticationTopView.swift */; };
		359456482AA8B8D200238B39 /* Assets.xcassets in Resources */ = {isa = PBXBuildFile; fileRef = 359456472AA8B8D200238B39 /* Assets.xcassets */; };
		3594564B2AA8B8D200238B39 /* Preview Assets.xcassets in Resources */ = {isa = PBXBuildFile; fileRef = 3594564A2AA8B8D200238B39 /* Preview Assets.xcassets */; };
		359456532AA8B90500238B39 /* FirebaseAnalytics in Frameworks */ = {isa = PBXBuildFile; productRef = 359456522AA8B90500238B39 /* FirebaseAnalytics */; };
		359456552AA8B90500238B39 /* FirebaseAuth in Frameworks */ = {isa = PBXBuildFile; productRef = 359456542AA8B90500238B39 /* FirebaseAuth */; };
		359456572AA8B97100238B39 /* GoogleService-Info.plist in Resources */ = {isa = PBXBuildFile; fileRef = 359456562AA8B97100238B39 /* GoogleService-Info.plist */; };
		3594565F2AA8C06500238B39 /* AuthenticationTopRouter.swift in Sources */ = {isa = PBXBuildFile; fileRef = 3594565E2AA8C06500238B39 /* AuthenticationTopRouter.swift */; };
		359456652AA8CE1500238B39 /* SignInWithEmailView.swift in Sources */ = {isa = PBXBuildFile; fileRef = 359456642AA8CE1500238B39 /* SignInWithEmailView.swift */; };
		3594566B2AA8CE3800238B39 /* SignInWithEmailPresenter.swift in Sources */ = {isa = PBXBuildFile; fileRef = 3594566A2AA8CE3800238B39 /* SignInWithEmailPresenter.swift */; };
		3594566E2AA8E4DC00238B39 /* RswiftLibrary in Frameworks */ = {isa = PBXBuildFile; productRef = 3594566D2AA8E4DC00238B39 /* RswiftLibrary */; };
		359456732AA9EFA400238B39 /* Lottie in Frameworks */ = {isa = PBXBuildFile; productRef = 359456722AA9EFA400238B39 /* Lottie */; };
		359456882AB7211B00238B39 /* SignUpWithAppleButton.swift in Sources */ = {isa = PBXBuildFile; fileRef = 359456872AB7211B00238B39 /* SignUpWithAppleButton.swift */; };
		359456922AB7223900238B39 /* SignInTopView.swift in Sources */ = {isa = PBXBuildFile; fileRef = 359456912AB7223900238B39 /* SignInTopView.swift */; };
		359456962AB7227400238B39 /* SignUpTopView.swift in Sources */ = {isa = PBXBuildFile; fileRef = 359456952AB7227400238B39 /* SignUpTopView.swift */; };
		359456992AB727F300238B39 /* Localizable.strings in Resources */ = {isa = PBXBuildFile; fileRef = 359456982AB727F300238B39 /* Localizable.strings */; };
		3594569E2AB7F93600238B39 /* SignInWithEmailInteractor.swift in Sources */ = {isa = PBXBuildFile; fileRef = 3594569D2AB7F93600238B39 /* SignInWithEmailInteractor.swift */; };
		35F221EE2AC5166B008DD5E9 /* AlertToast in Frameworks */ = {isa = PBXBuildFile; productRef = 35F221ED2AC5166B008DD5E9 /* AlertToast */; };
		35F221F22AC54B77008DD5E9 /* SignUpWithGoogleButton.swift in Sources */ = {isa = PBXBuildFile; fileRef = 35F221F12AC54B77008DD5E9 /* SignUpWithGoogleButton.swift */; };
		35F221F52AC54DC9008DD5E9 /* SignInUpWithGoogleInteractor.swift in Sources */ = {isa = PBXBuildFile; fileRef = 35F221F42AC54DC9008DD5E9 /* SignInUpWithGoogleInteractor.swift */; };
		35F5E4082AC2B09D00756A8D /* SignUpWithEmailButton.swift in Sources */ = {isa = PBXBuildFile; fileRef = 35F5E4072AC2B09D00756A8D /* SignUpWithEmailButton.swift */; };
		35F5E4102AC2C70200756A8D /* GoogleSignIn in Frameworks */ = {isa = PBXBuildFile; productRef = 35F5E40F2AC2C70200756A8D /* GoogleSignIn */; };
		35F5E4142AC2C75100756A8D /* SignInUpWithGooglePresenter.swift in Sources */ = {isa = PBXBuildFile; fileRef = 35F5E4132AC2C75100756A8D /* SignInUpWithGooglePresenter.swift */; };
/* End PBXBuildFile section */

/* Begin PBXFileReference section */
		350871922ACC702E0027D886 /* SignUpConfirmation.swift */ = {isa = PBXFileReference; lastKnownFileType = sourcecode.swift; path = SignUpConfirmation.swift; sourceTree = "<group>"; };
		350E2B7B2ADE64E000EADB03 /* authentication.json */ = {isa = PBXFileReference; fileEncoding = 4; lastKnownFileType = text.json; name = authentication.json; path = ../../../../authentication.json; sourceTree = "<group>"; };
		3532A1642ADF6B13008E51DB /* success.json */ = {isa = PBXFileReference; fileEncoding = 4; lastKnownFileType = text.json; name = success.json; path = ../../../../success.json; sourceTree = "<group>"; };
		3532A1652ADF6B13008E51DB /* checkmark.json */ = {isa = PBXFileReference; fileEncoding = 4; lastKnownFileType = text.json; name = checkmark.json; path = ../../../../checkmark.json; sourceTree = "<group>"; };
		3532A1692AE11DF5008E51DB /* Transition.swift */ = {isa = PBXFileReference; lastKnownFileType = sourcecode.swift; path = Transition.swift; sourceTree = "<group>"; };
		354E527C2ACCF58500C66B98 /* SignUpWithEmailView.swift */ = {isa = PBXFileReference; lastKnownFileType = sourcecode.swift; path = SignUpWithEmailView.swift; sourceTree = "<group>"; };
		35679CEF2AD6578F002385A8 /* SignUpWithEmailStepIndicatorPresenter.swift */ = {isa = PBXFileReference; lastKnownFileType = sourcecode.swift; path = SignUpWithEmailStepIndicatorPresenter.swift; sourceTree = "<group>"; };
		35679CF12AD658ED002385A8 /* ColorModel.swift */ = {isa = PBXFileReference; lastKnownFileType = sourcecode.swift; path = ColorModel.swift; sourceTree = "<group>"; };
		35679CF72AD67505002385A8 /* View+SignUpBackwardButton.swift */ = {isa = PBXFileReference; lastKnownFileType = sourcecode.swift; path = "View+SignUpBackwardButton.swift"; sourceTree = "<group>"; };
		35679CFF2AD7916B002385A8 /* LottieView.swift */ = {isa = PBXFileReference; lastKnownFileType = sourcecode.swift; path = LottieView.swift; sourceTree = "<group>"; };
		35679D032AD7991B002385A8 /* sendingEmail.json */ = {isa = PBXFileReference; fileEncoding = 4; lastKnownFileType = text.json; name = sendingEmail.json; path = ../../../../sendingEmail.json; sourceTree = "<group>"; };
		35679D0C2ADCF321002385A8 /* View+AlertToast.swift */ = {isa = PBXFileReference; lastKnownFileType = sourcecode.swift; path = "View+AlertToast.swift"; sourceTree = "<group>"; };
		357C15C92AD51356007D6103 /* CloseButton.swift */ = {isa = PBXFileReference; lastKnownFileType = sourcecode.swift; path = CloseButton.swift; sourceTree = "<group>"; };
		3586728F2ABBE66900F10606 /* SignInUpWithApplePresenter.swift */ = {isa = PBXFileReference; lastKnownFileType = sourcecode.swift; path = SignInUpWithApplePresenter.swift; sourceTree = "<group>"; };
		358672992AC1192E00F10606 /* SignInWithEmailButton.swift */ = {isa = PBXFileReference; lastKnownFileType = sourcecode.swift; path = SignInWithEmailButton.swift; sourceTree = "<group>"; };
		3586729B2AC1193A00F10606 /* SignInWithGoogleButton.swift */ = {isa = PBXFileReference; lastKnownFileType = sourcecode.swift; path = SignInWithGoogleButton.swift; sourceTree = "<group>"; };
		3586729D2AC1194700F10606 /* SignInWithAppleButton.swift */ = {isa = PBXFileReference; lastKnownFileType = sourcecode.swift; path = SignInWithAppleButton.swift; sourceTree = "<group>"; };
		358672A32AC11FA100F10606 /* AuthenticationTopPresenter.swift */ = {isa = PBXFileReference; lastKnownFileType = sourcecode.swift; path = AuthenticationTopPresenter.swift; sourceTree = "<group>"; };
		358672AE2AC1436B00F10606 /* View+Spacer.swift */ = {isa = PBXFileReference; lastKnownFileType = sourcecode.swift; path = "View+Spacer.swift"; sourceTree = "<group>"; };
		358946202ACA5B9D006DCBA9 /* User.swift */ = {isa = PBXFileReference; lastKnownFileType = sourcecode.swift; path = User.swift; sourceTree = "<group>"; };
		358946222ACA5BEA006DCBA9 /* Selection.swift */ = {isa = PBXFileReference; lastKnownFileType = sourcecode.swift; path = Selection.swift; sourceTree = "<group>"; };
		358946242ACA6284006DCBA9 /* SignUpWithEmailPresenter.swift */ = {isa = PBXFileReference; lastKnownFileType = sourcecode.swift; path = SignUpWithEmailPresenter.swift; sourceTree = "<group>"; };
		358946272ACA6292006DCBA9 /* SignUpWithEmailInteractor.swift */ = {isa = PBXFileReference; lastKnownFileType = sourcecode.swift; path = SignUpWithEmailInteractor.swift; sourceTree = "<group>"; };
		358946292ACA657F006DCBA9 /* ResetPasswordView.swift */ = {isa = PBXFileReference; lastKnownFileType = sourcecode.swift; path = ResetPasswordView.swift; sourceTree = "<group>"; };
		3589462C2ACA6858006DCBA9 /* SignUpWithEmailStepIndicatorView.swift */ = {isa = PBXFileReference; lastKnownFileType = sourcecode.swift; path = SignUpWithEmailStepIndicatorView.swift; sourceTree = "<group>"; };
		358946312ACA8328006DCBA9 /* SignUpEmailForm.swift */ = {isa = PBXFileReference; lastKnownFileType = sourcecode.swift; path = SignUpEmailForm.swift; sourceTree = "<group>"; };
		358946332ACA838C006DCBA9 /* SignUpUserInfomationForm.swift */ = {isa = PBXFileReference; lastKnownFileType = sourcecode.swift; path = SignUpUserInfomationForm.swift; sourceTree = "<group>"; };
		358DCD6B2AC4482B0076524D /* View+Shadow.swift */ = {isa = PBXFileReference; lastKnownFileType = sourcecode.swift; path = "View+Shadow.swift"; sourceTree = "<group>"; };
		358DCD702AC44BFA0076524D /* View+NavigationBackwardButton.swift */ = {isa = PBXFileReference; lastKnownFileType = sourcecode.swift; path = "View+NavigationBackwardButton.swift"; sourceTree = "<group>"; };
		358DCD752AC459140076524D /* Form.swift */ = {isa = PBXFileReference; lastKnownFileType = sourcecode.swift; path = Form.swift; sourceTree = "<group>"; };
		358DCD792AC45E9D0076524D /* RoundedRectangle.swift */ = {isa = PBXFileReference; lastKnownFileType = sourcecode.swift; path = RoundedRectangle.swift; sourceTree = "<group>"; };
		358DCD7C2AC46F460076524D /* View+Font.swift */ = {isa = PBXFileReference; lastKnownFileType = sourcecode.swift; path = "View+Font.swift"; sourceTree = "<group>"; };
		358DCD842AC4A0ED0076524D /* SuccessView.swift */ = {isa = PBXFileReference; lastKnownFileType = sourcecode.swift; path = SuccessView.swift; sourceTree = "<group>"; };
		359456402AA8B8D000238B39 /* AuthenticationDemo.app */ = {isa = PBXFileReference; explicitFileType = wrapper.application; includeInIndex = 0; path = AuthenticationDemo.app; sourceTree = BUILT_PRODUCTS_DIR; };
		359456432AA8B8D000238B39 /* AuthenticationDemoApp.swift */ = {isa = PBXFileReference; lastKnownFileType = sourcecode.swift; path = AuthenticationDemoApp.swift; sourceTree = "<group>"; };
		359456452AA8B8D000238B39 /* AuthenticationTopView.swift */ = {isa = PBXFileReference; lastKnownFileType = sourcecode.swift; path = AuthenticationTopView.swift; sourceTree = "<group>"; };
		359456472AA8B8D200238B39 /* Assets.xcassets */ = {isa = PBXFileReference; lastKnownFileType = folder.assetcatalog; path = Assets.xcassets; sourceTree = "<group>"; };
		3594564A2AA8B8D200238B39 /* Preview Assets.xcassets */ = {isa = PBXFileReference; lastKnownFileType = folder.assetcatalog; path = "Preview Assets.xcassets"; sourceTree = "<group>"; };
		359456562AA8B97100238B39 /* GoogleService-Info.plist */ = {isa = PBXFileReference; fileEncoding = 4; lastKnownFileType = text.plist.xml; name = "GoogleService-Info.plist"; path = "../../GoogleService-Info.plist"; sourceTree = "<group>"; };
		3594565E2AA8C06500238B39 /* AuthenticationTopRouter.swift */ = {isa = PBXFileReference; lastKnownFileType = sourcecode.swift; path = AuthenticationTopRouter.swift; sourceTree = "<group>"; };
		359456642AA8CE1500238B39 /* SignInWithEmailView.swift */ = {isa = PBXFileReference; lastKnownFileType = sourcecode.swift; path = SignInWithEmailView.swift; sourceTree = "<group>"; };
		3594566A2AA8CE3800238B39 /* SignInWithEmailPresenter.swift */ = {isa = PBXFileReference; lastKnownFileType = sourcecode.swift; path = SignInWithEmailPresenter.swift; sourceTree = "<group>"; };
		359456872AB7211B00238B39 /* SignUpWithAppleButton.swift */ = {isa = PBXFileReference; lastKnownFileType = sourcecode.swift; path = SignUpWithAppleButton.swift; sourceTree = "<group>"; };
		359456912AB7223900238B39 /* SignInTopView.swift */ = {isa = PBXFileReference; lastKnownFileType = sourcecode.swift; path = SignInTopView.swift; sourceTree = "<group>"; };
		359456952AB7227400238B39 /* SignUpTopView.swift */ = {isa = PBXFileReference; lastKnownFileType = sourcecode.swift; path = SignUpTopView.swift; sourceTree = "<group>"; };
		359456982AB727F300238B39 /* Localizable.strings */ = {isa = PBXFileReference; lastKnownFileType = text.plist.strings; path = Localizable.strings; sourceTree = "<group>"; };
		3594569D2AB7F93600238B39 /* SignInWithEmailInteractor.swift */ = {isa = PBXFileReference; lastKnownFileType = sourcecode.swift; path = SignInWithEmailInteractor.swift; sourceTree = "<group>"; };
		35F221F12AC54B77008DD5E9 /* SignUpWithGoogleButton.swift */ = {isa = PBXFileReference; lastKnownFileType = sourcecode.swift; path = SignUpWithGoogleButton.swift; sourceTree = "<group>"; };
		35F221F42AC54DC9008DD5E9 /* SignInUpWithGoogleInteractor.swift */ = {isa = PBXFileReference; lastKnownFileType = sourcecode.swift; path = SignInUpWithGoogleInteractor.swift; sourceTree = "<group>"; };
		35F5E4072AC2B09D00756A8D /* SignUpWithEmailButton.swift */ = {isa = PBXFileReference; lastKnownFileType = sourcecode.swift; path = SignUpWithEmailButton.swift; sourceTree = "<group>"; };
		35F5E40C2AC2BE0300756A8D /* AuthenticationDemo.entitlements */ = {isa = PBXFileReference; lastKnownFileType = text.plist.entitlements; path = AuthenticationDemo.entitlements; sourceTree = "<group>"; };
		35F5E4132AC2C75100756A8D /* SignInUpWithGooglePresenter.swift */ = {isa = PBXFileReference; lastKnownFileType = sourcecode.swift; path = SignInUpWithGooglePresenter.swift; sourceTree = "<group>"; };
		35F5E4152AC2C83C00756A8D /* Info.plist */ = {isa = PBXFileReference; lastKnownFileType = text.plist; path = Info.plist; sourceTree = "<group>"; };
		35F5E4182AC2D06200756A8D /* Roboto-Light.ttf */ = {isa = PBXFileReference; lastKnownFileType = file; name = "Roboto-Light.ttf"; path = "../../../../Roboto/Roboto-Light.ttf"; sourceTree = "<group>"; };
		35F5E4192AC2D06200756A8D /* Roboto-Medium.ttf */ = {isa = PBXFileReference; lastKnownFileType = file; name = "Roboto-Medium.ttf"; path = "../../../../Roboto/Roboto-Medium.ttf"; sourceTree = "<group>"; };
		35F5E41A2AC2D06200756A8D /* Roboto-Black.ttf */ = {isa = PBXFileReference; lastKnownFileType = file; name = "Roboto-Black.ttf"; path = "../../../../Roboto/Roboto-Black.ttf"; sourceTree = "<group>"; };
		35F5E41B2AC2D06200756A8D /* Roboto-Thin.ttf */ = {isa = PBXFileReference; lastKnownFileType = file; name = "Roboto-Thin.ttf"; path = "../../../../Roboto/Roboto-Thin.ttf"; sourceTree = "<group>"; };
		35F5E41C2AC2D06200756A8D /* Roboto-Regular.ttf */ = {isa = PBXFileReference; lastKnownFileType = file; name = "Roboto-Regular.ttf"; path = "../../../../Roboto/Roboto-Regular.ttf"; sourceTree = "<group>"; };
		35F5E41D2AC2D06200756A8D /* Roboto-Bold.ttf */ = {isa = PBXFileReference; lastKnownFileType = file; name = "Roboto-Bold.ttf"; path = "../../../../Roboto/Roboto-Bold.ttf"; sourceTree = "<group>"; };
/* End PBXFileReference section */

/* Begin PBXFrameworksBuildPhase section */
		3594563D2AA8B8D000238B39 /* Frameworks */ = {
			isa = PBXFrameworksBuildPhase;
			buildActionMask = 2147483647;
			files = (
				359456532AA8B90500238B39 /* FirebaseAnalytics in Frameworks */,
				359456552AA8B90500238B39 /* FirebaseAuth in Frameworks */,
				3594566E2AA8E4DC00238B39 /* RswiftLibrary in Frameworks */,
				359456732AA9EFA400238B39 /* Lottie in Frameworks */,
				35F221EE2AC5166B008DD5E9 /* AlertToast in Frameworks */,
				35F5E4102AC2C70200756A8D /* GoogleSignIn in Frameworks */,
			);
			runOnlyForDeploymentPostprocessing = 0;
		};
/* End PBXFrameworksBuildPhase section */

/* Begin PBXGroup section */
		35679CEE2AD6576D002385A8 /* SignUpWithIndicator */ = {
			isa = PBXGroup;
			children = (
				3589462C2ACA6858006DCBA9 /* SignUpWithEmailStepIndicatorView.swift */,
				35679CEF2AD6578F002385A8 /* SignUpWithEmailStepIndicatorPresenter.swift */,
			);
			path = SignUpWithIndicator;
			sourceTree = "<group>";
		};
		35679CFB2AD7910D002385A8 /* Lottie */ = {
			isa = PBXGroup;
			children = (
				3532A1652ADF6B13008E51DB /* checkmark.json */,
				3532A1642ADF6B13008E51DB /* success.json */,
				350E2B7B2ADE64E000EADB03 /* authentication.json */,
				35679D032AD7991B002385A8 /* sendingEmail.json */,
			);
			path = Lottie;
			sourceTree = "<group>";
		};
		35679CFC2AD79114002385A8 /* Rswift */ = {
			isa = PBXGroup;
			children = (
				359456982AB727F300238B39 /* Localizable.strings */,
			);
			path = Rswift;
			sourceTree = "<group>";
		};
		358672892ABA8E8900F10606 /* Resources */ = {
			isa = PBXGroup;
			children = (
				35679CFC2AD79114002385A8 /* Rswift */,
				35679CFB2AD7910D002385A8 /* Lottie */,
				35F5E4162AC2D04C00756A8D /* Fonts */,
			);
			path = Resources;
			sourceTree = "<group>";
		};
		3586728C2ABBCB5900F10606 /* SignUpButton */ = {
			isa = PBXGroup;
			children = (
				35F5E4072AC2B09D00756A8D /* SignUpWithEmailButton.swift */,
				35F221F12AC54B77008DD5E9 /* SignUpWithGoogleButton.swift */,
				359456872AB7211B00238B39 /* SignUpWithAppleButton.swift */,
			);
			path = SignUpButton;
			sourceTree = "<group>";
		};
		3586728D2ABBDF1E00F10606 /* SignInUpWithApple */ = {
			isa = PBXGroup;
			children = (
				3586728F2ABBE66900F10606 /* SignInUpWithApplePresenter.swift */,
			);
			path = SignInUpWithApple;
			sourceTree = "<group>";
		};
		358672982AC1190D00F10606 /* SignInButton */ = {
			isa = PBXGroup;
			children = (
				358672992AC1192E00F10606 /* SignInWithEmailButton.swift */,
				3586729B2AC1193A00F10606 /* SignInWithGoogleButton.swift */,
				3586729D2AC1194700F10606 /* SignInWithAppleButton.swift */,
			);
			path = SignInButton;
			sourceTree = "<group>";
		};
		358672A62AC1396700F10606 /* Extensions */ = {
			isa = PBXGroup;
			children = (
				358DCD6D2AC448410076524D /* View */,
			);
			path = Extensions;
			sourceTree = "<group>";
		};
		358946302ACA82E5006DCBA9 /* SignUpTutorialView */ = {
			isa = PBXGroup;
			children = (
				358946312ACA8328006DCBA9 /* SignUpEmailForm.swift */,
				358946332ACA838C006DCBA9 /* SignUpUserInfomationForm.swift */,
				350871922ACC702E0027D886 /* SignUpConfirmation.swift */,
			);
			path = SignUpTutorialView;
			sourceTree = "<group>";
		};
		358DCD6D2AC448410076524D /* View */ = {
			isa = PBXGroup;
			children = (
				358672AE2AC1436B00F10606 /* View+Spacer.swift */,
				358DCD6B2AC4482B0076524D /* View+Shadow.swift */,
				358DCD7C2AC46F460076524D /* View+Font.swift */,
				35679D0C2ADCF321002385A8 /* View+AlertToast.swift */,
				358DCD702AC44BFA0076524D /* View+NavigationBackwardButton.swift */,
				35679CF72AD67505002385A8 /* View+SignUpBackwardButton.swift */,
			);
			path = View;
			sourceTree = "<group>";
		};
		358DCD782AC45E820076524D /* Common */ = {
			isa = PBXGroup;
			children = (
				358DCD792AC45E9D0076524D /* RoundedRectangle.swift */,
				357C15C92AD51356007D6103 /* CloseButton.swift */,
				35679CFF2AD7916B002385A8 /* LottieView.swift */,
			);
			path = Common;
			sourceTree = "<group>";
		};
		358DCD832AC4A0C40076524D /* SuccessView */ = {
			isa = PBXGroup;
			children = (
				358DCD842AC4A0ED0076524D /* SuccessView.swift */,
			);
			path = SuccessView;
			sourceTree = "<group>";
		};
		359456372AA8B8D000238B39 = {
			isa = PBXGroup;
			children = (
				359456422AA8B8D000238B39 /* AuthenticationDemo */,
				359456412AA8B8D000238B39 /* Products */,
			);
			sourceTree = "<group>";
		};
		359456412AA8B8D000238B39 /* Products */ = {
			isa = PBXGroup;
			children = (
				359456402AA8B8D000238B39 /* AuthenticationDemo.app */,
			);
			name = Products;
			sourceTree = "<group>";
		};
		359456422AA8B8D000238B39 /* AuthenticationDemo */ = {
			isa = PBXGroup;
			children = (
				35F5E4152AC2C83C00756A8D /* Info.plist */,
				35F5E40C2AC2BE0300756A8D /* AuthenticationDemo.entitlements */,
				359456432AA8B8D000238B39 /* AuthenticationDemoApp.swift */,
				358672892ABA8E8900F10606 /* Resources */,
				358672A62AC1396700F10606 /* Extensions */,
				359456582AA8B99600238B39 /* UI */,
				359456592AA8B99D00238B39 /* Entity */,
				359456472AA8B8D200238B39 /* Assets.xcassets */,
				359456562AA8B97100238B39 /* GoogleService-Info.plist */,
				359456492AA8B8D200238B39 /* Preview Content */,
			);
			path = AuthenticationDemo;
			sourceTree = "<group>";
		};
		359456492AA8B8D200238B39 /* Preview Content */ = {
			isa = PBXGroup;
			children = (
				3594564A2AA8B8D200238B39 /* Preview Assets.xcassets */,
			);
			path = "Preview Content";
			sourceTree = "<group>";
		};
		359456582AA8B99600238B39 /* UI */ = {
			isa = PBXGroup;
			children = (
				358DCD782AC45E820076524D /* Common */,
				358DCD832AC4A0C40076524D /* SuccessView */,
				359456622AA8CDDB00238B39 /* SignIn */,
				359456632AA8CDF300238B39 /* SignUp */,
				3586728D2ABBDF1E00F10606 /* SignInUpWithApple */,
				35F5E4122AC2C73300756A8D /* SignInUpWithGoogle */,
				359456452AA8B8D000238B39 /* AuthenticationTopView.swift */,
				358672A32AC11FA100F10606 /* AuthenticationTopPresenter.swift */,
				3594565E2AA8C06500238B39 /* AuthenticationTopRouter.swift */,
			);
			path = UI;
			sourceTree = "<group>";
		};
		359456592AA8B99D00238B39 /* Entity */ = {
			isa = PBXGroup;
			children = (
				358DCD752AC459140076524D /* Form.swift */,
				358946202ACA5B9D006DCBA9 /* User.swift */,
				358946222ACA5BEA006DCBA9 /* Selection.swift */,
				35679CF12AD658ED002385A8 /* ColorModel.swift */,
				3532A1692AE11DF5008E51DB /* Transition.swift */,
			);
			path = Entity;
			sourceTree = "<group>";
		};
		359456622AA8CDDB00238B39 /* SignIn */ = {
			isa = PBXGroup;
			children = (
				359456912AB7223900238B39 /* SignInTopView.swift */,
				358672982AC1190D00F10606 /* SignInButton */,
				359456A42AB80A6500238B39 /* SignInWithEmail */,
				358946292ACA657F006DCBA9 /* ResetPasswordView.swift */,
			);
			path = SignIn;
			sourceTree = "<group>";
		};
		359456632AA8CDF300238B39 /* SignUp */ = {
			isa = PBXGroup;
			children = (
				359456952AB7227400238B39 /* SignUpTopView.swift */,
				3586728C2ABBCB5900F10606 /* SignUpButton */,
				359456972AB7228900238B39 /* SignUpWithEmail */,
			);
			path = SignUp;
			sourceTree = "<group>";
		};
		359456972AB7228900238B39 /* SignUpWithEmail */ = {
			isa = PBXGroup;
			children = (
				354E527C2ACCF58500C66B98 /* SignUpWithEmailView.swift */,
				358946302ACA82E5006DCBA9 /* SignUpTutorialView */,
				358946242ACA6284006DCBA9 /* SignUpWithEmailPresenter.swift */,
				358946272ACA6292006DCBA9 /* SignUpWithEmailInteractor.swift */,
				35679CEE2AD6576D002385A8 /* SignUpWithIndicator */,
			);
			path = SignUpWithEmail;
			sourceTree = "<group>";
		};
		359456A42AB80A6500238B39 /* SignInWithEmail */ = {
			isa = PBXGroup;
			children = (
				359456642AA8CE1500238B39 /* SignInWithEmailView.swift */,
				3594566A2AA8CE3800238B39 /* SignInWithEmailPresenter.swift */,
				3594569D2AB7F93600238B39 /* SignInWithEmailInteractor.swift */,
			);
			name = SignInWithEmail;
			sourceTree = "<group>";
		};
		35F5E4122AC2C73300756A8D /* SignInUpWithGoogle */ = {
			isa = PBXGroup;
			children = (
				35F5E4132AC2C75100756A8D /* SignInUpWithGooglePresenter.swift */,
				35F221F42AC54DC9008DD5E9 /* SignInUpWithGoogleInteractor.swift */,
			);
			path = SignInUpWithGoogle;
			sourceTree = "<group>";
		};
		35F5E4162AC2D04C00756A8D /* Fonts */ = {
			isa = PBXGroup;
			children = (
				35F5E41A2AC2D06200756A8D /* Roboto-Black.ttf */,
				35F5E41D2AC2D06200756A8D /* Roboto-Bold.ttf */,
				35F5E4182AC2D06200756A8D /* Roboto-Light.ttf */,
				35F5E4192AC2D06200756A8D /* Roboto-Medium.ttf */,
				35F5E41C2AC2D06200756A8D /* Roboto-Regular.ttf */,
				35F5E41B2AC2D06200756A8D /* Roboto-Thin.ttf */,
			);
			path = Fonts;
			sourceTree = "<group>";
		};
/* End PBXGroup section */

/* Begin PBXNativeTarget section */
		3594563F2AA8B8D000238B39 /* AuthenticationDemo */ = {
			isa = PBXNativeTarget;
			buildConfigurationList = 3594564E2AA8B8D200238B39 /* Build configuration list for PBXNativeTarget "AuthenticationDemo" */;
			buildPhases = (
				3594563C2AA8B8D000238B39 /* Sources */,
				3594563D2AA8B8D000238B39 /* Frameworks */,
				3594563E2AA8B8D000238B39 /* Resources */,
			);
			buildRules = (
			);
			dependencies = (
				359456702AA8E52C00238B39 /* PBXTargetDependency */,
			);
			name = AuthenticationDemo;
			packageProductDependencies = (
				359456522AA8B90500238B39 /* FirebaseAnalytics */,
				359456542AA8B90500238B39 /* FirebaseAuth */,
				3594566D2AA8E4DC00238B39 /* RswiftLibrary */,
				359456722AA9EFA400238B39 /* Lottie */,
				35F5E40F2AC2C70200756A8D /* GoogleSignIn */,
				35F221ED2AC5166B008DD5E9 /* AlertToast */,
			);
			productName = AuthenticationDemo;
			productReference = 359456402AA8B8D000238B39 /* AuthenticationDemo.app */;
			productType = "com.apple.product-type.application";
		};
/* End PBXNativeTarget section */

/* Begin PBXProject section */
		359456382AA8B8D000238B39 /* Project object */ = {
			isa = PBXProject;
			attributes = {
				BuildIndependentTargetsInParallel = 1;
				LastSwiftUpdateCheck = 1430;
				LastUpgradeCheck = 1500;
				TargetAttributes = {
					3594563F2AA8B8D000238B39 = {
						CreatedOnToolsVersion = 14.3.1;
					};
				};
			};
			buildConfigurationList = 3594563B2AA8B8D000238B39 /* Build configuration list for PBXProject "AuthenticationDemo" */;
			compatibilityVersion = "Xcode 14.0";
			developmentRegion = en;
			hasScannedForEncodings = 0;
			knownRegions = (
				en,
				Base,
			);
			mainGroup = 359456372AA8B8D000238B39;
			packageReferences = (
				359456512AA8B90500238B39 /* XCRemoteSwiftPackageReference "firebase-ios-sdk" */,
				3594566C2AA8E4DC00238B39 /* XCRemoteSwiftPackageReference "R" */,
				359456712AA9EFA400238B39 /* XCRemoteSwiftPackageReference "lottie-ios" */,
				35F5E40E2AC2C70100756A8D /* XCRemoteSwiftPackageReference "GoogleSignIn-iOS" */,
				35F221EC2AC5166B008DD5E9 /* XCRemoteSwiftPackageReference "AlertToast" */,
			);
			productRefGroup = 359456412AA8B8D000238B39 /* Products */;
			projectDirPath = "";
			projectRoot = "";
			targets = (
				3594563F2AA8B8D000238B39 /* AuthenticationDemo */,
			);
		};
/* End PBXProject section */

/* Begin PBXResourcesBuildPhase section */
		3594563E2AA8B8D000238B39 /* Resources */ = {
			isa = PBXResourcesBuildPhase;
			buildActionMask = 2147483647;
			files = (
				3594564B2AA8B8D200238B39 /* Preview Assets.xcassets in Resources */,
				35679D042AD7991B002385A8 /* sendingEmail.json in Resources */,
				359456992AB727F300238B39 /* Localizable.strings in Resources */,
				359456482AA8B8D200238B39 /* Assets.xcassets in Resources */,
				3532A1662ADF6B13008E51DB /* success.json in Resources */,
				350E2B7C2ADE64E000EADB03 /* authentication.json in Resources */,
				359456572AA8B97100238B39 /* GoogleService-Info.plist in Resources */,
				3532A1672ADF6B13008E51DB /* checkmark.json in Resources */,
			);
			runOnlyForDeploymentPostprocessing = 0;
		};
/* End PBXResourcesBuildPhase section */

/* Begin PBXSourcesBuildPhase section */
		3594563C2AA8B8D000238B39 /* Sources */ = {
			isa = PBXSourcesBuildPhase;
			buildActionMask = 2147483647;
			files = (
				3532A16A2AE11DF5008E51DB /* Transition.swift in Sources */,
				358DCD712AC44BFA0076524D /* View+NavigationBackwardButton.swift in Sources */,
				358DCD852AC4A0ED0076524D /* SuccessView.swift in Sources */,
				35679D0D2ADCF321002385A8 /* View+AlertToast.swift in Sources */,
				358946322ACA8328006DCBA9 /* SignUpEmailForm.swift in Sources */,
				3586729E2AC1194700F10606 /* SignInWithAppleButton.swift in Sources */,
				359456922AB7223900238B39 /* SignInTopView.swift in Sources */,
				354E527D2ACCF58500C66B98 /* SignUpWithEmailView.swift in Sources */,
				3589462D2ACA6858006DCBA9 /* SignUpWithEmailStepIndicatorView.swift in Sources */,
				35679CF02AD6578F002385A8 /* SignUpWithEmailStepIndicatorPresenter.swift in Sources */,
				358DCD7D2AC46F460076524D /* View+Font.swift in Sources */,
				359456962AB7227400238B39 /* SignUpTopView.swift in Sources */,
				358946232ACA5BEA006DCBA9 /* Selection.swift in Sources */,
				358DCD7A2AC45E9D0076524D /* RoundedRectangle.swift in Sources */,
				357C15CA2AD51356007D6103 /* CloseButton.swift in Sources */,
				35F5E4082AC2B09D00756A8D /* SignUpWithEmailButton.swift in Sources */,
				358946212ACA5B9D006DCBA9 /* User.swift in Sources */,
				35F221F22AC54B77008DD5E9 /* SignUpWithGoogleButton.swift in Sources */,
				358946252ACA6284006DCBA9 /* SignUpWithEmailPresenter.swift in Sources */,
				358DCD762AC459140076524D /* Form.swift in Sources */,
				359456652AA8CE1500238B39 /* SignInWithEmailView.swift in Sources */,
				359456462AA8B8D000238B39 /* AuthenticationTopView.swift in Sources */,
				358946282ACA6292006DCBA9 /* SignUpWithEmailInteractor.swift in Sources */,
				350871932ACC702E0027D886 /* SignUpConfirmation.swift in Sources */,
				3594566B2AA8CE3800238B39 /* SignInWithEmailPresenter.swift in Sources */,
				35679CF82AD67505002385A8 /* View+SignUpBackwardButton.swift in Sources */,
				358672A42AC11FA100F10606 /* AuthenticationTopPresenter.swift in Sources */,
				3589462A2ACA657F006DCBA9 /* ResetPasswordView.swift in Sources */,
				3594565F2AA8C06500238B39 /* AuthenticationTopRouter.swift in Sources */,
				35F5E4142AC2C75100756A8D /* SignInUpWithGooglePresenter.swift in Sources */,
				358672902ABBE66900F10606 /* SignInUpWithApplePresenter.swift in Sources */,
				359456882AB7211B00238B39 /* SignUpWithAppleButton.swift in Sources */,
				3586729A2AC1192E00F10606 /* SignInWithEmailButton.swift in Sources */,
				358DCD6C2AC4482B0076524D /* View+Shadow.swift in Sources */,
				35F221F52AC54DC9008DD5E9 /* SignInUpWithGoogleInteractor.swift in Sources */,
				35679D002AD7916B002385A8 /* LottieView.swift in Sources */,
				35679CF22AD658ED002385A8 /* ColorModel.swift in Sources */,
				3586729C2AC1193A00F10606 /* SignInWithGoogleButton.swift in Sources */,
				358672AF2AC1436B00F10606 /* View+Spacer.swift in Sources */,
				358946342ACA838C006DCBA9 /* SignUpUserInfomationForm.swift in Sources */,
				3594569E2AB7F93600238B39 /* SignInWithEmailInteractor.swift in Sources */,
				359456442AA8B8D000238B39 /* AuthenticationDemoApp.swift in Sources */,
			);
			runOnlyForDeploymentPostprocessing = 0;
		};
/* End PBXSourcesBuildPhase section */

/* Begin PBXTargetDependency section */
		359456702AA8E52C00238B39 /* PBXTargetDependency */ = {
			isa = PBXTargetDependency;
			productRef = 3594566F2AA8E52C00238B39 /* RswiftGenerateInternalResources */;
		};
/* End PBXTargetDependency section */

/* Begin XCBuildConfiguration section */
		3594564C2AA8B8D200238B39 /* Debug */ = {
			isa = XCBuildConfiguration;
			buildSettings = {
				ALWAYS_SEARCH_USER_PATHS = NO;
				CLANG_ANALYZER_NONNULL = YES;
				CLANG_ANALYZER_NUMBER_OBJECT_CONVERSION = YES_AGGRESSIVE;
				CLANG_CXX_LANGUAGE_STANDARD = "gnu++20";
				CLANG_ENABLE_MODULES = YES;
				CLANG_ENABLE_OBJC_ARC = YES;
				CLANG_ENABLE_OBJC_WEAK = YES;
				CLANG_WARN_BLOCK_CAPTURE_AUTORELEASING = YES;
				CLANG_WARN_BOOL_CONVERSION = YES;
				CLANG_WARN_COMMA = YES;
				CLANG_WARN_CONSTANT_CONVERSION = YES;
				CLANG_WARN_DEPRECATED_OBJC_IMPLEMENTATIONS = YES;
				CLANG_WARN_DIRECT_OBJC_ISA_USAGE = YES_ERROR;
				CLANG_WARN_DOCUMENTATION_COMMENTS = YES;
				CLANG_WARN_EMPTY_BODY = YES;
				CLANG_WARN_ENUM_CONVERSION = YES;
				CLANG_WARN_INFINITE_RECURSION = YES;
				CLANG_WARN_INT_CONVERSION = YES;
				CLANG_WARN_NON_LITERAL_NULL_CONVERSION = YES;
				CLANG_WARN_OBJC_IMPLICIT_RETAIN_SELF = YES;
				CLANG_WARN_OBJC_LITERAL_CONVERSION = YES;
				CLANG_WARN_OBJC_ROOT_CLASS = YES_ERROR;
				CLANG_WARN_QUOTED_INCLUDE_IN_FRAMEWORK_HEADER = YES;
				CLANG_WARN_RANGE_LOOP_ANALYSIS = YES;
				CLANG_WARN_STRICT_PROTOTYPES = YES;
				CLANG_WARN_SUSPICIOUS_MOVE = YES;
				CLANG_WARN_UNGUARDED_AVAILABILITY = YES_AGGRESSIVE;
				CLANG_WARN_UNREACHABLE_CODE = YES;
				CLANG_WARN__DUPLICATE_METHOD_MATCH = YES;
				COPY_PHASE_STRIP = NO;
				DEBUG_INFORMATION_FORMAT = dwarf;
				ENABLE_STRICT_OBJC_MSGSEND = YES;
				ENABLE_TESTABILITY = YES;
				ENABLE_USER_SCRIPT_SANDBOXING = YES;
				GCC_C_LANGUAGE_STANDARD = gnu11;
				GCC_DYNAMIC_NO_PIC = NO;
				GCC_NO_COMMON_BLOCKS = YES;
				GCC_OPTIMIZATION_LEVEL = 0;
				GCC_PREPROCESSOR_DEFINITIONS = (
					"DEBUG=1",
					"$(inherited)",
				);
				GCC_WARN_64_TO_32_BIT_CONVERSION = YES;
				GCC_WARN_ABOUT_RETURN_TYPE = YES_ERROR;
				GCC_WARN_UNDECLARED_SELECTOR = YES;
				GCC_WARN_UNINITIALIZED_AUTOS = YES_AGGRESSIVE;
				GCC_WARN_UNUSED_FUNCTION = YES;
				GCC_WARN_UNUSED_VARIABLE = YES;
				IPHONEOS_DEPLOYMENT_TARGET = 16.4;
				MTL_ENABLE_DEBUG_INFO = INCLUDE_SOURCE;
				MTL_FAST_MATH = YES;
				ONLY_ACTIVE_ARCH = YES;
				SDKROOT = iphoneos;
				SWIFT_ACTIVE_COMPILATION_CONDITIONS = DEBUG;
				SWIFT_OPTIMIZATION_LEVEL = "-Onone";
			};
			name = Debug;
		};
		3594564D2AA8B8D200238B39 /* Release */ = {
			isa = XCBuildConfiguration;
			buildSettings = {
				ALWAYS_SEARCH_USER_PATHS = NO;
				CLANG_ANALYZER_NONNULL = YES;
				CLANG_ANALYZER_NUMBER_OBJECT_CONVERSION = YES_AGGRESSIVE;
				CLANG_CXX_LANGUAGE_STANDARD = "gnu++20";
				CLANG_ENABLE_MODULES = YES;
				CLANG_ENABLE_OBJC_ARC = YES;
				CLANG_ENABLE_OBJC_WEAK = YES;
				CLANG_WARN_BLOCK_CAPTURE_AUTORELEASING = YES;
				CLANG_WARN_BOOL_CONVERSION = YES;
				CLANG_WARN_COMMA = YES;
				CLANG_WARN_CONSTANT_CONVERSION = YES;
				CLANG_WARN_DEPRECATED_OBJC_IMPLEMENTATIONS = YES;
				CLANG_WARN_DIRECT_OBJC_ISA_USAGE = YES_ERROR;
				CLANG_WARN_DOCUMENTATION_COMMENTS = YES;
				CLANG_WARN_EMPTY_BODY = YES;
				CLANG_WARN_ENUM_CONVERSION = YES;
				CLANG_WARN_INFINITE_RECURSION = YES;
				CLANG_WARN_INT_CONVERSION = YES;
				CLANG_WARN_NON_LITERAL_NULL_CONVERSION = YES;
				CLANG_WARN_OBJC_IMPLICIT_RETAIN_SELF = YES;
				CLANG_WARN_OBJC_LITERAL_CONVERSION = YES;
				CLANG_WARN_OBJC_ROOT_CLASS = YES_ERROR;
				CLANG_WARN_QUOTED_INCLUDE_IN_FRAMEWORK_HEADER = YES;
				CLANG_WARN_RANGE_LOOP_ANALYSIS = YES;
				CLANG_WARN_STRICT_PROTOTYPES = YES;
				CLANG_WARN_SUSPICIOUS_MOVE = YES;
				CLANG_WARN_UNGUARDED_AVAILABILITY = YES_AGGRESSIVE;
				CLANG_WARN_UNREACHABLE_CODE = YES;
				CLANG_WARN__DUPLICATE_METHOD_MATCH = YES;
				COPY_PHASE_STRIP = NO;
				DEBUG_INFORMATION_FORMAT = "dwarf-with-dsym";
				ENABLE_NS_ASSERTIONS = NO;
				ENABLE_STRICT_OBJC_MSGSEND = YES;
				ENABLE_USER_SCRIPT_SANDBOXING = YES;
				GCC_C_LANGUAGE_STANDARD = gnu11;
				GCC_NO_COMMON_BLOCKS = YES;
				GCC_WARN_64_TO_32_BIT_CONVERSION = YES;
				GCC_WARN_ABOUT_RETURN_TYPE = YES_ERROR;
				GCC_WARN_UNDECLARED_SELECTOR = YES;
				GCC_WARN_UNINITIALIZED_AUTOS = YES_AGGRESSIVE;
				GCC_WARN_UNUSED_FUNCTION = YES;
				GCC_WARN_UNUSED_VARIABLE = YES;
				IPHONEOS_DEPLOYMENT_TARGET = 16.4;
				MTL_ENABLE_DEBUG_INFO = NO;
				MTL_FAST_MATH = YES;
				SDKROOT = iphoneos;
				SWIFT_COMPILATION_MODE = wholemodule;
				SWIFT_OPTIMIZATION_LEVEL = "-O";
				VALIDATE_PRODUCT = YES;
			};
			name = Release;
		};
		3594564F2AA8B8D200238B39 /* Debug */ = {
			isa = XCBuildConfiguration;
			buildSettings = {
				ASSETCATALOG_COMPILER_APPICON_NAME = AppIcon;
				ASSETCATALOG_COMPILER_GLOBAL_ACCENT_COLOR_NAME = AccentColor;
				CODE_SIGN_ENTITLEMENTS = AuthenticationDemo/AuthenticationDemo.entitlements;
				CODE_SIGN_STYLE = Automatic;
				CURRENT_PROJECT_VERSION = 1;
				DEVELOPMENT_ASSET_PATHS = "\"AuthenticationDemo/Preview Content\"";
				DEVELOPMENT_TEAM = T83P7K7X6G;
				ENABLE_PREVIEWS = YES;
				GENERATE_INFOPLIST_FILE = YES;
				INFOPLIST_FILE = AuthenticationDemo/Info.plist;
				INFOPLIST_KEY_UIApplicationSceneManifest_Generation = YES;
				INFOPLIST_KEY_UIApplicationSupportsIndirectInputEvents = YES;
				INFOPLIST_KEY_UILaunchScreen_Generation = YES;
				INFOPLIST_KEY_UISupportedInterfaceOrientations_iPad = "UIInterfaceOrientationPortrait UIInterfaceOrientationPortraitUpsideDown UIInterfaceOrientationLandscapeLeft UIInterfaceOrientationLandscapeRight";
				INFOPLIST_KEY_UISupportedInterfaceOrientations_iPhone = "UIInterfaceOrientationPortrait UIInterfaceOrientationLandscapeLeft UIInterfaceOrientationLandscapeRight";
				LD_RUNPATH_SEARCH_PATHS = (
					"$(inherited)",
					"@executable_path/Frameworks",
				);
				MARKETING_VERSION = 1.0;
				PRODUCT_BUNDLE_IDENTIFIER = com.shonbeno.AuthenticationDemo;
				PRODUCT_NAME = "$(TARGET_NAME)";
				SWIFT_EMIT_LOC_STRINGS = YES;
				SWIFT_VERSION = 5.0;
				TARGETED_DEVICE_FAMILY = "1,2";
			};
			name = Debug;
		};
		359456502AA8B8D200238B39 /* Release */ = {
			isa = XCBuildConfiguration;
			buildSettings = {
				ASSETCATALOG_COMPILER_APPICON_NAME = AppIcon;
				ASSETCATALOG_COMPILER_GLOBAL_ACCENT_COLOR_NAME = AccentColor;
				CODE_SIGN_ENTITLEMENTS = AuthenticationDemo/AuthenticationDemo.entitlements;
				CODE_SIGN_STYLE = Automatic;
				CURRENT_PROJECT_VERSION = 1;
				DEVELOPMENT_ASSET_PATHS = "\"AuthenticationDemo/Preview Content\"";
				DEVELOPMENT_TEAM = T83P7K7X6G;
				ENABLE_PREVIEWS = YES;
				GENERATE_INFOPLIST_FILE = YES;
				INFOPLIST_FILE = AuthenticationDemo/Info.plist;
				INFOPLIST_KEY_UIApplicationSceneManifest_Generation = YES;
				INFOPLIST_KEY_UIApplicationSupportsIndirectInputEvents = YES;
				INFOPLIST_KEY_UILaunchScreen_Generation = YES;
				INFOPLIST_KEY_UISupportedInterfaceOrientations_iPad = "UIInterfaceOrientationPortrait UIInterfaceOrientationPortraitUpsideDown UIInterfaceOrientationLandscapeLeft UIInterfaceOrientationLandscapeRight";
				INFOPLIST_KEY_UISupportedInterfaceOrientations_iPhone = "UIInterfaceOrientationPortrait UIInterfaceOrientationLandscapeLeft UIInterfaceOrientationLandscapeRight";
				LD_RUNPATH_SEARCH_PATHS = (
					"$(inherited)",
					"@executable_path/Frameworks",
				);
				MARKETING_VERSION = 1.0;
				PRODUCT_BUNDLE_IDENTIFIER = com.shonbeno.AuthenticationDemo;
				PRODUCT_NAME = "$(TARGET_NAME)";
				SWIFT_EMIT_LOC_STRINGS = YES;
				SWIFT_VERSION = 5.0;
				TARGETED_DEVICE_FAMILY = "1,2";
			};
			name = Release;
		};
/* End XCBuildConfiguration section */

/* Begin XCConfigurationList section */
		3594563B2AA8B8D000238B39 /* Build configuration list for PBXProject "AuthenticationDemo" */ = {
			isa = XCConfigurationList;
			buildConfigurations = (
				3594564C2AA8B8D200238B39 /* Debug */,
				3594564D2AA8B8D200238B39 /* Release */,
			);
			defaultConfigurationIsVisible = 0;
			defaultConfigurationName = Release;
		};
		3594564E2AA8B8D200238B39 /* Build configuration list for PBXNativeTarget "AuthenticationDemo" */ = {
			isa = XCConfigurationList;
			buildConfigurations = (
				3594564F2AA8B8D200238B39 /* Debug */,
				359456502AA8B8D200238B39 /* Release */,
			);
			defaultConfigurationIsVisible = 0;
			defaultConfigurationName = Release;
		};
/* End XCConfigurationList section */

/* Begin XCRemoteSwiftPackageReference section */
		359456512AA8B90500238B39 /* XCRemoteSwiftPackageReference "firebase-ios-sdk" */ = {
			isa = XCRemoteSwiftPackageReference;
			repositoryURL = "https://github.com/firebase/firebase-ios-sdk";
			requirement = {
				kind = upToNextMajorVersion;
				minimumVersion = 10.0.0;
			};
		};
		3594566C2AA8E4DC00238B39 /* XCRemoteSwiftPackageReference "R" */ = {
			isa = XCRemoteSwiftPackageReference;
			repositoryURL = "https://github.com/mac-cain13/R.swift";
			requirement = {
				kind = upToNextMajorVersion;
				minimumVersion = 7.0.0;
			};
		};
		359456712AA9EFA400238B39 /* XCRemoteSwiftPackageReference "lottie-ios" */ = {
			isa = XCRemoteSwiftPackageReference;
			repositoryURL = "https://github.com/airbnb/lottie-ios";
			requirement = {
				kind = upToNextMajorVersion;
				minimumVersion = 4.0.0;
			};
		};
		35F221EC2AC5166B008DD5E9 /* XCRemoteSwiftPackageReference "AlertToast" */ = {
			isa = XCRemoteSwiftPackageReference;
			repositoryURL = "https://github.com/elai950/AlertToast.git";
			requirement = {
				kind = upToNextMajorVersion;
				minimumVersion = 1.0.0;
			};
		};
		35F5E40E2AC2C70100756A8D /* XCRemoteSwiftPackageReference "GoogleSignIn-iOS" */ = {
			isa = XCRemoteSwiftPackageReference;
			repositoryURL = "https://github.com/google/GoogleSignIn-iOS";
			requirement = {
				kind = upToNextMajorVersion;
				minimumVersion = 7.0.0;
			};
		};
/* End XCRemoteSwiftPackageReference section */

/* Begin XCSwiftPackageProductDependency section */
		359456522AA8B90500238B39 /* FirebaseAnalytics */ = {
			isa = XCSwiftPackageProductDependency;
			package = 359456512AA8B90500238B39 /* XCRemoteSwiftPackageReference "firebase-ios-sdk" */;
			productName = FirebaseAnalytics;
		};
		359456542AA8B90500238B39 /* FirebaseAuth */ = {
			isa = XCSwiftPackageProductDependency;
			package = 359456512AA8B90500238B39 /* XCRemoteSwiftPackageReference "firebase-ios-sdk" */;
			productName = FirebaseAuth;
		};
		3594566D2AA8E4DC00238B39 /* RswiftLibrary */ = {
			isa = XCSwiftPackageProductDependency;
			package = 3594566C2AA8E4DC00238B39 /* XCRemoteSwiftPackageReference "R" */;
			productName = RswiftLibrary;
		};
		3594566F2AA8E52C00238B39 /* RswiftGenerateInternalResources */ = {
			isa = XCSwiftPackageProductDependency;
			productName = "plugin:RswiftGenerateInternalResources";
		};
		359456722AA9EFA400238B39 /* Lottie */ = {
			isa = XCSwiftPackageProductDependency;
			package = 359456712AA9EFA400238B39 /* XCRemoteSwiftPackageReference "lottie-ios" */;
			productName = Lottie;
		};
		35F221ED2AC5166B008DD5E9 /* AlertToast */ = {
			isa = XCSwiftPackageProductDependency;
			package = 35F221EC2AC5166B008DD5E9 /* XCRemoteSwiftPackageReference "AlertToast" */;
			productName = AlertToast;
		};
		35F5E40F2AC2C70200756A8D /* GoogleSignIn */ = {
			isa = XCSwiftPackageProductDependency;
			package = 35F5E40E2AC2C70100756A8D /* XCRemoteSwiftPackageReference "GoogleSignIn-iOS" */;
			productName = GoogleSignIn;
		};
/* End XCSwiftPackageProductDependency section */
	};
	rootObject = 359456382AA8B8D000238B39 /* Project object */;
}
